// !$*UTF8*$!
{
	archiveVersion = 1;
	classes = {
	};
	objectVersion = 46;
	objects = {

/* Begin PBXBuildFile section */
		CE1765961940A33600EDAC50 /* PJTapDetectingImageView.m in Sources */ = {isa = PBXBuildFile; fileRef = CE1765911940A33600EDAC50 /* PJTapDetectingImageView.m */; };
		CE1765971940A33600EDAC50 /* PJTapDetectingView.m in Sources */ = {isa = PBXBuildFile; fileRef = CE1765931940A33600EDAC50 /* PJTapDetectingView.m */; };
		CE1765981940A33600EDAC50 /* PJZoomingScrollView.m in Sources */ = {isa = PBXBuildFile; fileRef = CE1765951940A33600EDAC50 /* PJZoomingScrollView.m */; };
		CE862E2C194099F2002D2ED9 /* Foundation.framework in Frameworks */ = {isa = PBXBuildFile; fileRef = CE862E2B194099F2002D2ED9 /* Foundation.framework */; };
		CE862E2E194099F2002D2ED9 /* CoreGraphics.framework in Frameworks */ = {isa = PBXBuildFile; fileRef = CE862E2D194099F2002D2ED9 /* CoreGraphics.framework */; };
		CE862E30194099F2002D2ED9 /* UIKit.framework in Frameworks */ = {isa = PBXBuildFile; fileRef = CE862E2F194099F2002D2ED9 /* UIKit.framework */; };
		CE862E36194099F2002D2ED9 /* InfoPlist.strings in Resources */ = {isa = PBXBuildFile; fileRef = CE862E34194099F2002D2ED9 /* InfoPlist.strings */; };
		CE862E38194099F2002D2ED9 /* main.m in Sources */ = {isa = PBXBuildFile; fileRef = CE862E37194099F2002D2ED9 /* main.m */; };
		CE862E3C194099F2002D2ED9 /* PJAppDelegate.m in Sources */ = {isa = PBXBuildFile; fileRef = CE862E3B194099F2002D2ED9 /* PJAppDelegate.m */; };
		CE862E3E194099F2002D2ED9 /* Images.xcassets in Resources */ = {isa = PBXBuildFile; fileRef = CE862E3D194099F2002D2ED9 /* Images.xcassets */; };
		CE862E45194099F2002D2ED9 /* XCTest.framework in Frameworks */ = {isa = PBXBuildFile; fileRef = CE862E44194099F2002D2ED9 /* XCTest.framework */; };
		CE862E46194099F2002D2ED9 /* Foundation.framework in Frameworks */ = {isa = PBXBuildFile; fileRef = CE862E2B194099F2002D2ED9 /* Foundation.framework */; };
		CE862E47194099F2002D2ED9 /* UIKit.framework in Frameworks */ = {isa = PBXBuildFile; fileRef = CE862E2F194099F2002D2ED9 /* UIKit.framework */; };
		CE862E4F194099F2002D2ED9 /* InfoPlist.strings in Resources */ = {isa = PBXBuildFile; fileRef = CE862E4D194099F2002D2ED9 /* InfoPlist.strings */; };
		CE862E51194099F2002D2ED9 /* PJimageZoomViewTrialTests.m in Sources */ = {isa = PBXBuildFile; fileRef = CE862E50194099F2002D2ED9 /* PJimageZoomViewTrialTests.m */; };
		CE862ED219409A3D002D2ED9 /* PJViewController.m in Sources */ = {isa = PBXBuildFile; fileRef = CE862ED019409A3D002D2ED9 /* PJViewController.m */; };
		CE862ED319409A3D002D2ED9 /* PJViewController.xib in Resources */ = {isa = PBXBuildFile; fileRef = CE862ED119409A3D002D2ED9 /* PJViewController.xib */; };
/* End PBXBuildFile section */

/* Begin PBXContainerItemProxy section */
		CE862E48194099F2002D2ED9 /* PBXContainerItemProxy */ = {
			isa = PBXContainerItemProxy;
			containerPortal = CE862E20194099F2002D2ED9 /* Project object */;
			proxyType = 1;
			remoteGlobalIDString = CE862E27194099F2002D2ED9;
			remoteInfo = PJimageZoomViewTrial;
		};
/* End PBXContainerItemProxy section */

/* Begin PBXFileReference section */
		CE17658F1940A33600EDAC50 /* PJCommon.h */ = {isa = PBXFileReference; fileEncoding = 4; lastKnownFileType = sourcecode.c.h; path = PJCommon.h; sourceTree = "<group>"; };
		CE1765901940A33600EDAC50 /* PJTapDetectingImageView.h */ = {isa = PBXFileReference; fileEncoding = 4; lastKnownFileType = sourcecode.c.h; path = PJTapDetectingImageView.h; sourceTree = "<group>"; };
		CE1765911940A33600EDAC50 /* PJTapDetectingImageView.m */ = {isa = PBXFileReference; fileEncoding = 4; lastKnownFileType = sourcecode.c.objc; path = PJTapDetectingImageView.m; sourceTree = "<group>"; };
		CE1765921940A33600EDAC50 /* PJTapDetectingView.h */ = {isa = PBXFileReference; fileEncoding = 4; lastKnownFileType = sourcecode.c.h; path = PJTapDetectingView.h; sourceTree = "<group>"; };
		CE1765931940A33600EDAC50 /* PJTapDetectingView.m */ = {isa = PBXFileReference; fileEncoding = 4; lastKnownFileType = sourcecode.c.objc; path = PJTapDetectingView.m; sourceTree = "<group>"; };
		CE1765941940A33600EDAC50 /* PJZoomingScrollView.h */ = {isa = PBXFileReference; fileEncoding = 4; lastKnownFileType = sourcecode.c.h; path = PJZoomingScrollView.h; sourceTree = "<group>"; };
		CE1765951940A33600EDAC50 /* PJZoomingScrollView.m */ = {isa = PBXFileReference; fileEncoding = 4; lastKnownFileType = sourcecode.c.objc; path = PJZoomingScrollView.m; sourceTree = "<group>"; };
		CE862E28194099F2002D2ED9 /* PJimageZoomViewTrial.app */ = {isa = PBXFileReference; explicitFileType = wrapper.application; includeInIndex = 0; path = PJimageZoomViewTrial.app; sourceTree = BUILT_PRODUCTS_DIR; };
		CE862E2B194099F2002D2ED9 /* Foundation.framework */ = {isa = PBXFileReference; lastKnownFileType = wrapper.framework; name = Foundation.framework; path = System/Library/Frameworks/Foundation.framework; sourceTree = SDKROOT; };
		CE862E2D194099F2002D2ED9 /* CoreGraphics.framework */ = {isa = PBXFileReference; lastKnownFileType = wrapper.framework; name = CoreGraphics.framework; path = System/Library/Frameworks/CoreGraphics.framework; sourceTree = SDKROOT; };
		CE862E2F194099F2002D2ED9 /* UIKit.framework */ = {isa = PBXFileReference; lastKnownFileType = wrapper.framework; name = UIKit.framework; path = System/Library/Frameworks/UIKit.framework; sourceTree = SDKROOT; };
		CE862E33194099F2002D2ED9 /* PJimageZoomViewTrial-Info.plist */ = {isa = PBXFileReference; lastKnownFileType = text.plist.xml; path = "PJimageZoomViewTrial-Info.plist"; sourceTree = "<group>"; };
		CE862E35194099F2002D2ED9 /* en */ = {isa = PBXFileReference; lastKnownFileType = text.plist.strings; name = en; path = en.lproj/InfoPlist.strings; sourceTree = "<group>"; };
		CE862E37194099F2002D2ED9 /* main.m */ = {isa = PBXFileReference; lastKnownFileType = sourcecode.c.objc; path = main.m; sourceTree = "<group>"; };
		CE862E39194099F2002D2ED9 /* PJimageZoomViewTrial-Prefix.pch */ = {isa = PBXFileReference; lastKnownFileType = sourcecode.c.h; path = "PJimageZoomViewTrial-Prefix.pch"; sourceTree = "<group>"; };
		CE862E3A194099F2002D2ED9 /* PJAppDelegate.h */ = {isa = PBXFileReference; lastKnownFileType = sourcecode.c.h; path = PJAppDelegate.h; sourceTree = "<group>"; };
		CE862E3B194099F2002D2ED9 /* PJAppDelegate.m */ = {isa = PBXFileReference; lastKnownFileType = sourcecode.c.objc; path = PJAppDelegate.m; sourceTree = "<group>"; };
		CE862E3D194099F2002D2ED9 /* Images.xcassets */ = {isa = PBXFileReference; lastKnownFileType = folder.assetcatalog; path = Images.xcassets; sourceTree = "<group>"; };
		CE862E43194099F2002D2ED9 /* PJimageZoomViewTrialTests.xctest */ = {isa = PBXFileReference; explicitFileType = wrapper.cfbundle; includeInIndex = 0; path = PJimageZoomViewTrialTests.xctest; sourceTree = BUILT_PRODUCTS_DIR; };
		CE862E44194099F2002D2ED9 /* XCTest.framework */ = {isa = PBXFileReference; lastKnownFileType = wrapper.framework; name = XCTest.framework; path = Library/Frameworks/XCTest.framework; sourceTree = DEVELOPER_DIR; };
		CE862E4C194099F2002D2ED9 /* PJimageZoomViewTrialTests-Info.plist */ = {isa = PBXFileReference; lastKnownFileType = text.plist.xml; path = "PJimageZoomViewTrialTests-Info.plist"; sourceTree = "<group>"; };
		CE862E4E194099F2002D2ED9 /* en */ = {isa = PBXFileReference; lastKnownFileType = text.plist.strings; name = en; path = en.lproj/InfoPlist.strings; sourceTree = "<group>"; };
		CE862E50194099F2002D2ED9 /* PJimageZoomViewTrialTests.m */ = {isa = PBXFileReference; lastKnownFileType = sourcecode.c.objc; path = PJimageZoomViewTrialTests.m; sourceTree = "<group>"; };
		CE862ECF19409A3D002D2ED9 /* PJViewController.h */ = {isa = PBXFileReference; fileEncoding = 4; lastKnownFileType = sourcecode.c.h; path = PJViewController.h; sourceTree = "<group>"; };
		CE862ED019409A3D002D2ED9 /* PJViewController.m */ = {isa = PBXFileReference; fileEncoding = 4; lastKnownFileType = sourcecode.c.objc; path = PJViewController.m; sourceTree = "<group>"; };
		CE862ED119409A3D002D2ED9 /* PJViewController.xib */ = {isa = PBXFileReference; fileEncoding = 4; lastKnownFileType = file.xib; path = PJViewController.xib; sourceTree = "<group>"; };
/* End PBXFileReference section */

/* Begin PBXFrameworksBuildPhase section */
		CE862E25194099F2002D2ED9 /* Frameworks */ = {
			isa = PBXFrameworksBuildPhase;
			buildActionMask = 2147483647;
			files = (
				CE862E2E194099F2002D2ED9 /* CoreGraphics.framework in Frameworks */,
				CE862E30194099F2002D2ED9 /* UIKit.framework in Frameworks */,
				CE862E2C194099F2002D2ED9 /* Foundation.framework in Frameworks */,
			);
			runOnlyForDeploymentPostprocessing = 0;
		};
		CE862E40194099F2002D2ED9 /* Frameworks */ = {
			isa = PBXFrameworksBuildPhase;
			buildActionMask = 2147483647;
			files = (
				CE862E45194099F2002D2ED9 /* XCTest.framework in Frameworks */,
				CE862E47194099F2002D2ED9 /* UIKit.framework in Frameworks */,
				CE862E46194099F2002D2ED9 /* Foundation.framework in Frameworks */,
			);
			runOnlyForDeploymentPostprocessing = 0;
		};
/* End PBXFrameworksBuildPhase section */

/* Begin PBXGroup section */
		CE17658D1940A33600EDAC50 /* PJImageZoomView */ = {
			isa = PBXGroup;
			children = (
				CE17658E1940A33600EDAC50 /* Libraries */,
				CE17658F1940A33600EDAC50 /* PJCommon.h */,
				CE1765901940A33600EDAC50 /* PJTapDetectingImageView.h */,
				CE1765911940A33600EDAC50 /* PJTapDetectingImageView.m */,
				CE1765921940A33600EDAC50 /* PJTapDetectingView.h */,
				CE1765931940A33600EDAC50 /* PJTapDetectingView.m */,
				CE1765941940A33600EDAC50 /* PJZoomingScrollView.h */,
				CE1765951940A33600EDAC50 /* PJZoomingScrollView.m */,
			);
			path = PJImageZoomView;
			sourceTree = "<group>";
		};
		CE17658E1940A33600EDAC50 /* Libraries */ = {
			isa = PBXGroup;
			children = (
			);
			path = Libraries;
			sourceTree = "<group>";
		};
		CE862E1F194099F2002D2ED9 = {
			isa = PBXGroup;
			children = (
				CE862E31194099F2002D2ED9 /* PJimageZoomViewTrial */,
				CE862E4A194099F2002D2ED9 /* PJimageZoomViewTrialTests */,
				CE862E2A194099F2002D2ED9 /* Frameworks */,
				CE862E29194099F2002D2ED9 /* Products */,
			);
			sourceTree = "<group>";
		};
		CE862E29194099F2002D2ED9 /* Products */ = {
			isa = PBXGroup;
			children = (
				CE862E28194099F2002D2ED9 /* PJimageZoomViewTrial.app */,
				CE862E43194099F2002D2ED9 /* PJimageZoomViewTrialTests.xctest */,
			);
			name = Products;
			sourceTree = "<group>";
		};
		CE862E2A194099F2002D2ED9 /* Frameworks */ = {
			isa = PBXGroup;
			children = (
				CE862E2B194099F2002D2ED9 /* Foundation.framework */,
				CE862E2D194099F2002D2ED9 /* CoreGraphics.framework */,
				CE862E2F194099F2002D2ED9 /* UIKit.framework */,
				CE862E44194099F2002D2ED9 /* XCTest.framework */,
			);
			name = Frameworks;
			sourceTree = "<group>";
		};
		CE862E31194099F2002D2ED9 /* PJimageZoomViewTrial */ = {
			isa = PBXGroup;
			children = (
				CE17658D1940A33600EDAC50 /* PJImageZoomView */,
				CE862ECF19409A3D002D2ED9 /* PJViewController.h */,
				CE862ED019409A3D002D2ED9 /* PJViewController.m */,
				CE862ED119409A3D002D2ED9 /* PJViewController.xib */,
				CE862E3A194099F2002D2ED9 /* PJAppDelegate.h */,
				CE862E3B194099F2002D2ED9 /* PJAppDelegate.m */,
				CE862E3D194099F2002D2ED9 /* Images.xcassets */,
				CE862E32194099F2002D2ED9 /* Supporting Files */,
			);
			path = PJimageZoomViewTrial;
			sourceTree = "<group>";
		};
		CE862E32194099F2002D2ED9 /* Supporting Files */ = {
			isa = PBXGroup;
			children = (
				CE862E33194099F2002D2ED9 /* PJimageZoomViewTrial-Info.plist */,
				CE862E34194099F2002D2ED9 /* InfoPlist.strings */,
				CE862E37194099F2002D2ED9 /* main.m */,
				CE862E39194099F2002D2ED9 /* PJimageZoomViewTrial-Prefix.pch */,
			);
			name = "Supporting Files";
			sourceTree = "<group>";
		};
		CE862E4A194099F2002D2ED9 /* PJimageZoomViewTrialTests */ = {
			isa = PBXGroup;
			children = (
				CE862E50194099F2002D2ED9 /* PJimageZoomViewTrialTests.m */,
				CE862E4B194099F2002D2ED9 /* Supporting Files */,
			);
			path = PJimageZoomViewTrialTests;
			sourceTree = "<group>";
		};
		CE862E4B194099F2002D2ED9 /* Supporting Files */ = {
			isa = PBXGroup;
			children = (
				CE862E4C194099F2002D2ED9 /* PJimageZoomViewTrialTests-Info.plist */,
				CE862E4D194099F2002D2ED9 /* InfoPlist.strings */,
			);
			name = "Supporting Files";
			sourceTree = "<group>";
		};
/* End PBXGroup section */

/* Begin PBXNativeTarget section */
		CE862E27194099F2002D2ED9 /* PJimageZoomViewTrial */ = {
			isa = PBXNativeTarget;
			buildConfigurationList = CE862E54194099F2002D2ED9 /* Build configuration list for PBXNativeTarget "PJimageZoomViewTrial" */;
			buildPhases = (
				CE862E24194099F2002D2ED9 /* Sources */,
				CE862E25194099F2002D2ED9 /* Frameworks */,
				CE862E26194099F2002D2ED9 /* Resources */,
			);
			buildRules = (
			);
			dependencies = (
			);
			name = PJimageZoomViewTrial;
			productName = PJimageZoomViewTrial;
			productReference = CE862E28194099F2002D2ED9 /* PJimageZoomViewTrial.app */;
			productType = "com.apple.product-type.application";
		};
		CE862E42194099F2002D2ED9 /* PJimageZoomViewTrialTests */ = {
			isa = PBXNativeTarget;
			buildConfigurationList = CE862E57194099F2002D2ED9 /* Build configuration list for PBXNativeTarget "PJimageZoomViewTrialTests" */;
			buildPhases = (
				CE862E3F194099F2002D2ED9 /* Sources */,
				CE862E40194099F2002D2ED9 /* Frameworks */,
				CE862E41194099F2002D2ED9 /* Resources */,
			);
			buildRules = (
			);
			dependencies = (
				CE862E49194099F2002D2ED9 /* PBXTargetDependency */,
			);
			name = PJimageZoomViewTrialTests;
			productName = PJimageZoomViewTrialTests;
			productReference = CE862E43194099F2002D2ED9 /* PJimageZoomViewTrialTests.xctest */;
			productType = "com.apple.product-type.bundle.unit-test";
		};
/* End PBXNativeTarget section */

/* Begin PBXProject section */
		CE862E20194099F2002D2ED9 /* Project object */ = {
			isa = PBXProject;
			attributes = {
				CLASSPREFIX = PJ;
				LastUpgradeCheck = 0510;
				ORGANIZATIONNAME = akhiljayaram;
				TargetAttributes = {
					CE862E42194099F2002D2ED9 = {
						TestTargetID = CE862E27194099F2002D2ED9;
					};
				};
			};
			buildConfigurationList = CE862E23194099F2002D2ED9 /* Build configuration list for PBXProject "PJimageZoomViewTrial" */;
			compatibilityVersion = "Xcode 3.2";
			developmentRegion = English;
			hasScannedForEncodings = 0;
			knownRegions = (
				en,
			);
			mainGroup = CE862E1F194099F2002D2ED9;
			productRefGroup = CE862E29194099F2002D2ED9 /* Products */;
			projectDirPath = "";
			projectRoot = "";
			targets = (
				CE862E27194099F2002D2ED9 /* PJimageZoomViewTrial */,
				CE862E42194099F2002D2ED9 /* PJimageZoomViewTrialTests */,
			);
		};
/* End PBXProject section */

/* Begin PBXResourcesBuildPhase section */
		CE862E26194099F2002D2ED9 /* Resources */ = {
			isa = PBXResourcesBuildPhase;
			buildActionMask = 2147483647;
			files = (
				CE862E36194099F2002D2ED9 /* InfoPlist.strings in Resources */,
				CE862ED319409A3D002D2ED9 /* PJViewController.xib in Resources */,
				CE862E3E194099F2002D2ED9 /* Images.xcassets in Resources */,
			);
			runOnlyForDeploymentPostprocessing = 0;
		};
		CE862E41194099F2002D2ED9 /* Resources */ = {
			isa = PBXResourcesBuildPhase;
			buildActionMask = 2147483647;
			files = (
				CE862E4F194099F2002D2ED9 /* InfoPlist.strings in Resources */,
			);
			runOnlyForDeploymentPostprocessing = 0;
		};
/* End PBXResourcesBuildPhase section */

/* Begin PBXSourcesBuildPhase section */
		CE862E24194099F2002D2ED9 /* Sources */ = {
			isa = PBXSourcesBuildPhase;
			buildActionMask = 2147483647;
			files = (
				CE1765971940A33600EDAC50 /* PJTapDetectingView.m in Sources */,
				CE1765961940A33600EDAC50 /* PJTapDetectingImageView.m in Sources */,
				CE862E3C194099F2002D2ED9 /* PJAppDelegate.m in Sources */,
				CE862E38194099F2002D2ED9 /* main.m in Sources */,
				CE862ED219409A3D002D2ED9 /* PJViewController.m in Sources */,
				CE1765981940A33600EDAC50 /* PJZoomingScrollView.m in Sources */,
			);
			runOnlyForDeploymentPostprocessing = 0;
		};
		CE862E3F194099F2002D2ED9 /* Sources */ = {
			isa = PBXSourcesBuildPhase;
			buildActionMask = 2147483647;
			files = (
				CE862E51194099F2002D2ED9 /* PJimageZoomViewTrialTests.m in Sources */,
			);
			runOnlyForDeploymentPostprocessing = 0;
		};
/* End PBXSourcesBuildPhase section */

/* Begin PBXTargetDependency section */
		CE862E49194099F2002D2ED9 /* PBXTargetDependency */ = {
			isa = PBXTargetDependency;
			target = CE862E27194099F2002D2ED9 /* PJimageZoomViewTrial */;
			targetProxy = CE862E48194099F2002D2ED9 /* PBXContainerItemProxy */;
		};
/* End PBXTargetDependency section */

/* Begin PBXVariantGroup section */
		CE862E34194099F2002D2ED9 /* InfoPlist.strings */ = {
			isa = PBXVariantGroup;
			children = (
				CE862E35194099F2002D2ED9 /* en */,
			);
			name = InfoPlist.strings;
			sourceTree = "<group>";
		};
		CE862E4D194099F2002D2ED9 /* InfoPlist.strings */ = {
			isa = PBXVariantGroup;
			children = (
				CE862E4E194099F2002D2ED9 /* en */,
			);
			name = InfoPlist.strings;
			sourceTree = "<group>";
		};
/* End PBXVariantGroup section */

/* Begin XCBuildConfiguration section */
		CE862E52194099F2002D2ED9 /* Debug */ = {
			isa = XCBuildConfiguration;
			buildSettings = {
				ALWAYS_SEARCH_USER_PATHS = NO;
				CLANG_CXX_LANGUAGE_STANDARD = "gnu++0x";
				CLANG_CXX_LIBRARY = "libc++";
				CLANG_ENABLE_MODULES = YES;
				CLANG_ENABLE_OBJC_ARC = YES;
				CLANG_WARN_BOOL_CONVERSION = YES;
				CLANG_WARN_CONSTANT_CONVERSION = YES;
				CLANG_WARN_DIRECT_OBJC_ISA_USAGE = YES_ERROR;
				CLANG_WARN_EMPTY_BODY = YES;
				CLANG_WARN_ENUM_CONVERSION = YES;
				CLANG_WARN_INT_CONVERSION = YES;
				CLANG_WARN_OBJC_ROOT_CLASS = YES_ERROR;
				CLANG_WARN__DUPLICATE_METHOD_MATCH = YES;
				"CODE_SIGN_IDENTITY[sdk=iphoneos*]" = "iPhone Developer";
				COPY_PHASE_STRIP = NO;
				GCC_C_LANGUAGE_STANDARD = gnu99;
				GCC_DYNAMIC_NO_PIC = NO;
				GCC_OPTIMIZATION_LEVEL = 0;
				GCC_PREPROCESSOR_DEFINITIONS = (
					"DEBUG=1",
					"$(inherited)",
				);
				GCC_SYMBOLS_PRIVATE_EXTERN = NO;
				GCC_WARN_64_TO_32_BIT_CONVERSION = YES;
				GCC_WARN_ABOUT_RETURN_TYPE = YES_ERROR;
				GCC_WARN_UNDECLARED_SELECTOR = YES;
				GCC_WARN_UNINITIALIZED_AUTOS = YES_AGGRESSIVE;
				GCC_WARN_UNUSED_FUNCTION = YES;
				GCC_WARN_UNUSED_VARIABLE = YES;
				IPHONEOS_DEPLOYMENT_TARGET = 7.1;
				ONLY_ACTIVE_ARCH = YES;
				SDKROOT = iphoneos;
			};
			name = Debug;
		};
		CE862E53194099F2002D2ED9 /* Release */ = {
			isa = XCBuildConfiguration;
			buildSettings = {
				ALWAYS_SEARCH_USER_PATHS = NO;
				CLANG_CXX_LANGUAGE_STANDARD = "gnu++0x";
				CLANG_CXX_LIBRARY = "libc++";
				CLANG_ENABLE_MODULES = YES;
				CLANG_ENABLE_OBJC_ARC = YES;
				CLANG_WARN_BOOL_CONVERSION = YES;
				CLANG_WARN_CONSTANT_CONVERSION = YES;
				CLANG_WARN_DIRECT_OBJC_ISA_USAGE = YES_ERROR;
				CLANG_WARN_EMPTY_BODY = YES;
				CLANG_WARN_ENUM_CONVERSION = YES;
				CLANG_WARN_INT_CONVERSION = YES;
				CLANG_WARN_OBJC_ROOT_CLASS = YES_ERROR;
				CLANG_WARN__DUPLICATE_METHOD_MATCH = YES;
				"CODE_SIGN_IDENTITY[sdk=iphoneos*]" = "iPhone Developer";
				COPY_PHASE_STRIP = YES;
				ENABLE_NS_ASSERTIONS = NO;
				GCC_C_LANGUAGE_STANDARD = gnu99;
				GCC_WARN_64_TO_32_BIT_CONVERSION = YES;
				GCC_WARN_ABOUT_RETURN_TYPE = YES_ERROR;
				GCC_WARN_UNDECLARED_SELECTOR = YES;
				GCC_WARN_UNINITIALIZED_AUTOS = YES_AGGRESSIVE;
				GCC_WARN_UNUSED_FUNCTION = YES;
				GCC_WARN_UNUSED_VARIABLE = YES;
				IPHONEOS_DEPLOYMENT_TARGET = 7.1;
				SDKROOT = iphoneos;
				VALIDATE_PRODUCT = YES;
			};
			name = Release;
		};
		CE862E55194099F2002D2ED9 /* Debug */ = {
			isa = XCBuildConfiguration;
			buildSettings = {
				ASSETCATALOG_COMPILER_APPICON_NAME = AppIcon;
				ASSETCATALOG_COMPILER_LAUNCHIMAGE_NAME = LaunchImage;
				GCC_PRECOMPILE_PREFIX_HEADER = YES;
				GCC_PREFIX_HEADER = "PJimageZoomViewTrial/PJimageZoomViewTrial-Prefix.pch";
				INFOPLIST_FILE = "PJimageZoomViewTrial/PJimageZoomViewTrial-Info.plist";
				PRODUCT_NAME = "$(TARGET_NAME)";
				WRAPPER_EXTENSION = app;
			};
			name = Debug;
		};
		CE862E56194099F2002D2ED9 /* Release */ = {
			isa = XCBuildConfiguration;
			buildSettings = {
				ASSETCATALOG_COMPILER_APPICON_NAME = AppIcon;
				ASSETCATALOG_COMPILER_LAUNCHIMAGE_NAME = LaunchImage;
				GCC_PRECOMPILE_PREFIX_HEADER = YES;
				GCC_PREFIX_HEADER = "PJimageZoomViewTrial/PJimageZoomViewTrial-Prefix.pch";
				INFOPLIST_FILE = "PJimageZoomViewTrial/PJimageZoomViewTrial-Info.plist";
				PRODUCT_NAME = "$(TARGET_NAME)";
				WRAPPER_EXTENSION = app;
			};
			name = Release;
		};
		CE862E58194099F2002D2ED9 /* Debug */ = {
			isa = XCBuildConfiguration;
			buildSettings = {
				BUNDLE_LOADER = "$(BUILT_PRODUCTS_DIR)/PJimageZoomViewTrial.app/PJimageZoomViewTrial";
				FRAMEWORK_SEARCH_PATHS = (
					"$(SDKROOT)/Developer/Library/Frameworks",
					"$(inherited)",
					"$(DEVELOPER_FRAMEWORKS_DIR)",
				);
				GCC_PRECOMPILE_PREFIX_HEADER = YES;
				GCC_PREFIX_HEADER = "PJimageZoomViewTrial/PJimageZoomViewTrial-Prefix.pch";
				GCC_PREPROCESSOR_DEFINITIONS = (
					"DEBUG=1",
					"$(inherited)",
				);
				INFOPLIST_FILE = "PJimageZoomViewTrialTests/PJimageZoomViewTrialTests-Info.plist";
				PRODUCT_NAME = "$(TARGET_NAME)";
				TEST_HOST = "$(BUNDLE_LOADER)";
				WRAPPER_EXTENSION = xctest;
			};
			name = Debug;
		};
		CE862E59194099F2002D2ED9 /* Release */ = {
			isa = XCBuildConfiguration;
			buildSettings = {
				BUNDLE_LOADER = "$(BUILT_PRODUCTS_DIR)/PJimageZoomViewTrial.app/PJimageZoomViewTrial";
				FRAMEWORK_SEARCH_PATHS = (
					"$(SDKROOT)/Developer/Library/Frameworks",
					"$(inherited)",
					"$(DEVELOPER_FRAMEWORKS_DIR)",
				);
				GCC_PRECOMPILE_PREFIX_HEADER = YES;
				GCC_PREFIX_HEADER = "PJimageZoomViewTrial/PJimageZoomViewTrial-Prefix.pch";
				INFOPLIST_FILE = "PJimageZoomViewTrialTests/PJimageZoomViewTrialTests-Info.plist";
				PRODUCT_NAME = "$(TARGET_NAME)";
				TEST_HOST = "$(BUNDLE_LOADER)";
				WRAPPER_EXTENSION = xctest;
			};
			name = Release;
		};
/* End XCBuildConfiguration section */

/* Begin XCConfigurationList section */
		CE862E23194099F2002D2ED9 /* Build configuration list for PBXProject "PJimageZoomViewTrial" */ = {
			isa = XCConfigurationList;
			buildConfigurations = (
				CE862E52194099F2002D2ED9 /* Debug */,
				CE862E53194099F2002D2ED9 /* Release */,
			);
			defaultConfigurationIsVisible = 0;
			defaultConfigurationName = Release;
		};
		CE862E54194099F2002D2ED9 /* Build configuration list for PBXNativeTarget "PJimageZoomViewTrial" */ = {
			isa = XCConfigurationList;
			buildConfigurations = (
				CE862E55194099F2002D2ED9 /* Debug */,
				CE862E56194099F2002D2ED9 /* Release */,
			);
			defaultConfigurationIsVisible = 0;
			defaultConfigurationName = Release;
		};
		CE862E57194099F2002D2ED9 /* Build configuration list for PBXNativeTarget "PJimageZoomViewTrialTests" */ = {
			isa = XCConfigurationList;
			buildConfigurations = (
				CE862E58194099F2002D2ED9 /* Debug */,
				CE862E59194099F2002D2ED9 /* Release */,
			);
			defaultConfigurationIsVisible = 0;
			defaultConfigurationName = Release;
		};
/* End XCConfigurationList section */
	};
	rootObject = CE862E20194099F2002D2ED9 /* Project object */;
}
